
Microsoft Visual Studio Solution File, Format Version 12.00
# Visual Studio Version 17
VisualStudioVersion = 17.4.33205.214
MinimumVisualStudioVersion = 10.0.40219.1
Project("{FAE04EC0-301F-11D3-BF4B-00C04F79EFBC}") = "CounterTask", "CounterTask\CounterTask.csproj", "{2FF8376F-D790-438B-921E-4FF19EBCB386}"
EndProject
Global
	GlobalSection(SolutionConfigurationPlatforms) = preSolution
		Debug|Any CPU = Debug|Any CPU
		Release|Any CPU = Release|Any CPU
	EndGlobalSection
	GlobalSection(ProjectConfigurationPlatforms) = postSolution
		{2FF8376F-D790-438B-921E-4FF19EBCB386}.Debug|Any CPU.ActiveCfg = Debug|Any CPU
		{2FF8376F-D790-438B-921E-4FF19EBCB386}.Debug|Any CPU.Build.0 = Debug|Any CPU
		{2FF8376F-D790-438B-921E-4FF19EBCB386}.Release|Any CPU.ActiveCfg = Release|Any CPU
		{2FF8376F-D790-438B-921E-4FF19EBCB386}.Release|Any CPU.Build.0 = Release|Any CPU
	EndGlobalSection
	GlobalSection(SolutionProperties) = preSolution
		HideSolutionNode = FALSE
	EndGlobalSection
	GlobalSection(ExtensibilityGlobals) = postSolution
		SolutionGuid = {95E8D649-5202-45E5-86EE-908A662C93E5}
	EndGlobalSection
EndGlobal
