
Microsoft Visual Studio Solution File, Format Version 12.00
# Visual Studio Version 17
VisualStudioVersion = 17.4.33205.214
MinimumVisualStudioVersion = 10.0.40219.1
Project("{FAE04EC0-301F-11D3-BF4B-00C04F79EFBC}") = "1.2p", "1.2p\1.2p.csproj", "{B60FBE56-A484-4EB2-A807-ADBAB6F9EB90}"
EndProject
Global
	GlobalSection(SolutionConfigurationPlatforms) = preSolution
		Debug|Any CPU = Debug|Any CPU
		Release|Any CPU = Release|Any CPU
	EndGlobalSection
	GlobalSection(ProjectConfigurationPlatforms) = postSolution
		{B60FBE56-A484-4EB2-A807-ADBAB6F9EB90}.Debug|Any CPU.ActiveCfg = Debug|Any CPU
		{B60FBE56-A484-4EB2-A807-ADBAB6F9EB90}.Debug|Any CPU.Build.0 = Debug|Any CPU
		{B60FBE56-A484-4EB2-A807-ADBAB6F9EB90}.Release|Any CPU.ActiveCfg = Release|Any CPU
		{B60FBE56-A484-4EB2-A807-ADBAB6F9EB90}.Release|Any CPU.Build.0 = Release|Any CPU
	EndGlobalSection
	GlobalSection(SolutionProperties) = preSolution
		HideSolutionNode = FALSE
	EndGlobalSection
	GlobalSection(ExtensibilityGlobals) = postSolution
		SolutionGuid = {3B46EA6C-5503-4150-810C-2AB0BA0FEB23}
	EndGlobalSection
EndGlobal
