
Microsoft Visual Studio Solution File, Format Version 12.00
# Visual Studio Version 17
VisualStudioVersion = 17.4.33205.214
MinimumVisualStudioVersion = 10.0.40219.1
Project("{FAE04EC0-301F-11D3-BF4B-00C04F79EFBC}") = "class1", "class1\class1.csproj", "{9E96AA2E-A74C-40F7-B22E-0F04EB4D1133}"
EndProject
Global
	GlobalSection(SolutionConfigurationPlatforms) = preSolution
		Debug|Any CPU = Debug|Any CPU
		Release|Any CPU = Release|Any CPU
	EndGlobalSection
	GlobalSection(ProjectConfigurationPlatforms) = postSolution
		{9E96AA2E-A74C-40F7-B22E-0F04EB4D1133}.Debug|Any CPU.ActiveCfg = Debug|Any CPU
		{9E96AA2E-A74C-40F7-B22E-0F04EB4D1133}.Debug|Any CPU.Build.0 = Debug|Any CPU
		{9E96AA2E-A74C-40F7-B22E-0F04EB4D1133}.Release|Any CPU.ActiveCfg = Release|Any CPU
		{9E96AA2E-A74C-40F7-B22E-0F04EB4D1133}.Release|Any CPU.Build.0 = Release|Any CPU
	EndGlobalSection
	GlobalSection(SolutionProperties) = preSolution
		HideSolutionNode = FALSE
	EndGlobalSection
	GlobalSection(ExtensibilityGlobals) = postSolution
		SolutionGuid = {2C2881BE-28AA-47C4-AF53-5DB661A1F2C2}
	EndGlobalSection
EndGlobal
