
Microsoft Visual Studio Solution File, Format Version 12.00
# Visual Studio Version 17
VisualStudioVersion = 17.4.33205.214
MinimumVisualStudioVersion = 10.0.40219.1
Project("{FAE04EC0-301F-11D3-BF4B-00C04F79EFBC}") = "Counter", "Counter\Counter.csproj", "{2E4DBD84-FE8F-42A0-99F7-4517F12FD224}"
EndProject
Global
	GlobalSection(SolutionConfigurationPlatforms) = preSolution
		Debug|Any CPU = Debug|Any CPU
		Release|Any CPU = Release|Any CPU
	EndGlobalSection
	GlobalSection(ProjectConfigurationPlatforms) = postSolution
		{2E4DBD84-FE8F-42A0-99F7-4517F12FD224}.Debug|Any CPU.ActiveCfg = Debug|Any CPU
		{2E4DBD84-FE8F-42A0-99F7-4517F12FD224}.Debug|Any CPU.Build.0 = Debug|Any CPU
		{2E4DBD84-FE8F-42A0-99F7-4517F12FD224}.Release|Any CPU.ActiveCfg = Release|Any CPU
		{2E4DBD84-FE8F-42A0-99F7-4517F12FD224}.Release|Any CPU.Build.0 = Release|Any CPU
	EndGlobalSection
	GlobalSection(SolutionProperties) = preSolution
		HideSolutionNode = FALSE
	EndGlobalSection
	GlobalSection(ExtensibilityGlobals) = postSolution
		SolutionGuid = {57B5B778-A897-478A-85D4-502A661F0B55}
	EndGlobalSection
EndGlobal
